
Microsoft Visual Studio Solution File, Format Version 12.00
# Visual Studio Version 17
VisualStudioVersion = 17.0.31912.275
MinimumVisualStudioVersion = 10.0.40219.1
Project("{2150E333-8FDC-42A3-9474-1A3956D46DE8}") = "3-Core", "3-Core", "{11B508AA-8871-4E5E-82AF-52245439164A}"
EndProject
Project("{9A19103F-16F7-4668-BE54-9A1E7A4F7556}") = "Contoso.Product.Domain", "Contoso.Product.Domain\Contoso.Product.Domain.csproj", "{C775DE4E-A2FB-4918-8949-8F31BC1BFE03}"
EndProject
Project("{2150E333-8FDC-42A3-9474-1A3956D46DE8}") = "4-Infrastructure", "4-Infrastructure", "{8BC584AF-221B-4021-8D01-B0F2527DD28E}"
EndProject
Project("{9A19103F-16F7-4668-BE54-9A1E7A4F7556}") = "Contoso.Product.Infrastructure.Ports", "Contoso.Product.Infrastructure.Ports\Contoso.Product.Infrastructure.Ports.csproj", "{4F73C6CC-28AF-438B-BB3C-3D0A34F0709D}"
EndProject
Project("{9A19103F-16F7-4668-BE54-9A1E7A4F7556}") = "Contoso.Product.Infrastructure", "Contoso.Product.Infrastructure\Contoso.Product.Infrastructure.csproj", "{B9679BB6-D973-4797-B64C-B3C3CD79DF64}"
EndProject
Project("{2150E333-8FDC-42A3-9474-1A3956D46DE8}") = "1-InterfaceAdapters", "1-InterfaceAdapters", "{4E11898D-3642-4D41-8D34-C9195352154C}"
EndProject
Project("{2150E333-8FDC-42A3-9474-1A3956D46DE8}") = "2-UseCases", "2-UseCases", "{3E2302B0-D5A4-491A-B979-945C50A041B7}"
EndProject
Project("{9A19103F-16F7-4668-BE54-9A1E7A4F7556}") = "Contoso.Product.UseCases", "Contoso.Product.UsesCases\Contoso.Product.UseCases.csproj", "{28249FBA-2ED3-4072-9C3E-7D1655A1DC6A}"
EndProject
Project("{9A19103F-16F7-4668-BE54-9A1E7A4F7556}") = "Contoso.Product.UseCases.Ports", "Contoso.Product.UseCases.Ports\Contoso.Product.UseCases.Ports.csproj", "{6BBFE5CC-D906-4AAC-88EE-474B8075F61D}"
EndProject
Global
	GlobalSection(SolutionConfigurationPlatforms) = preSolution
		Debug|Any CPU = Debug|Any CPU
		Release|Any CPU = Release|Any CPU
	EndGlobalSection
	GlobalSection(ProjectConfigurationPlatforms) = postSolution
		{C775DE4E-A2FB-4918-8949-8F31BC1BFE03}.Debug|Any CPU.ActiveCfg = Debug|Any CPU
		{C775DE4E-A2FB-4918-8949-8F31BC1BFE03}.Debug|Any CPU.Build.0 = Debug|Any CPU
		{C775DE4E-A2FB-4918-8949-8F31BC1BFE03}.Release|Any CPU.ActiveCfg = Release|Any CPU
		{C775DE4E-A2FB-4918-8949-8F31BC1BFE03}.Release|Any CPU.Build.0 = Release|Any CPU
		{4F73C6CC-28AF-438B-BB3C-3D0A34F0709D}.Debug|Any CPU.ActiveCfg = Debug|Any CPU
		{4F73C6CC-28AF-438B-BB3C-3D0A34F0709D}.Debug|Any CPU.Build.0 = Debug|Any CPU
		{4F73C6CC-28AF-438B-BB3C-3D0A34F0709D}.Release|Any CPU.ActiveCfg = Release|Any CPU
		{4F73C6CC-28AF-438B-BB3C-3D0A34F0709D}.Release|Any CPU.Build.0 = Release|Any CPU
		{B9679BB6-D973-4797-B64C-B3C3CD79DF64}.Debug|Any CPU.ActiveCfg = Debug|Any CPU
		{B9679BB6-D973-4797-B64C-B3C3CD79DF64}.Debug|Any CPU.Build.0 = Debug|Any CPU
		{B9679BB6-D973-4797-B64C-B3C3CD79DF64}.Release|Any CPU.ActiveCfg = Release|Any CPU
		{B9679BB6-D973-4797-B64C-B3C3CD79DF64}.Release|Any CPU.Build.0 = Release|Any CPU
		{28249FBA-2ED3-4072-9C3E-7D1655A1DC6A}.Debug|Any CPU.ActiveCfg = Debug|Any CPU
		{28249FBA-2ED3-4072-9C3E-7D1655A1DC6A}.Debug|Any CPU.Build.0 = Debug|Any CPU
		{28249FBA-2ED3-4072-9C3E-7D1655A1DC6A}.Release|Any CPU.ActiveCfg = Release|Any CPU
		{28249FBA-2ED3-4072-9C3E-7D1655A1DC6A}.Release|Any CPU.Build.0 = Release|Any CPU
		{6BBFE5CC-D906-4AAC-88EE-474B8075F61D}.Debug|Any CPU.ActiveCfg = Debug|Any CPU
		{6BBFE5CC-D906-4AAC-88EE-474B8075F61D}.Debug|Any CPU.Build.0 = Debug|Any CPU
		{6BBFE5CC-D906-4AAC-88EE-474B8075F61D}.Release|Any CPU.ActiveCfg = Release|Any CPU
		{6BBFE5CC-D906-4AAC-88EE-474B8075F61D}.Release|Any CPU.Build.0 = Release|Any CPU
	EndGlobalSection
	GlobalSection(SolutionProperties) = preSolution
		HideSolutionNode = FALSE
	EndGlobalSection
	GlobalSection(NestedProjects) = preSolution
		{C775DE4E-A2FB-4918-8949-8F31BC1BFE03} = {11B508AA-8871-4E5E-82AF-52245439164A}
		{4F73C6CC-28AF-438B-BB3C-3D0A34F0709D} = {4E11898D-3642-4D41-8D34-C9195352154C}
		{B9679BB6-D973-4797-B64C-B3C3CD79DF64} = {8BC584AF-221B-4021-8D01-B0F2527DD28E}
		{28249FBA-2ED3-4072-9C3E-7D1655A1DC6A} = {3E2302B0-D5A4-491A-B979-945C50A041B7}
		{6BBFE5CC-D906-4AAC-88EE-474B8075F61D} = {4E11898D-3642-4D41-8D34-C9195352154C}
	EndGlobalSection
	GlobalSection(ExtensibilityGlobals) = postSolution
		SolutionGuid = {0F5134DD-B8F1-40FC-BE78-4E1109F9D13B}
	EndGlobalSection
EndGlobal
